<?xml version="1.0" encoding="utf-8"?>
<Project ToolsVersion="4.0" xmlns="http://schemas.microsoft.com/developer/msbuild/2003">
  <ItemGroup>
    <ClCompile Include="Client3main.cpp" />
    <ClCompile Include="Subscriber.cpp" />
    <ClCompile Include="Publisher.cpp" />
    <ClCompile Include="opts.cpp" />
  </ItemGroup>
  <ItemGroup>
    <ClInclude Include="include\Publisher.h" />
    <ClInclude Include="include\pubsub_opts.h" />
    <ClInclude Include="include\Subscriber.h" />
  </ItemGroup>
</Project>